Microsoft Visual Studio Solution File, Format Version 12.00
# Visual Studio Version 17
VisualStudioVersion = 17.5.2.0
MinimumVisualStudioVersion = 10.0.40219.1
Project("{FAE04EC0-301F-11D3-BF4B-00C04F79EFBC}") = "log_output", "log_output\log_output.csproj", "{BF509E5F-27D0-EA66-DF96-CA2161A51DA6}"
EndProject
Global
	GlobalSection(SolutionConfigurationPlatforms) = preSolution
		Debug|Any CPU = Debug|Any CPU
		Release|Any CPU = Release|Any CPU
	EndGlobalSection
	GlobalSection(ProjectConfigurationPlatforms) = postSolution
		{BF509E5F-27D0-EA66-DF96-CA2161A51DA6}.Debug|Any CPU.ActiveCfg = Debug|Any CPU
		{BF509E5F-27D0-EA66-DF96-CA2161A51DA6}.Debug|Any CPU.Build.0 = Debug|Any CPU
		{BF509E5F-27D0-EA66-DF96-CA2161A51DA6}.Release|Any CPU.ActiveCfg = Release|Any CPU
		{BF509E5F-27D0-EA66-DF96-CA2161A51DA6}.Release|Any CPU.Build.0 = Release|Any CPU
	EndGlobalSection
	GlobalSection(SolutionProperties) = preSolution
		HideSolutionNode = FALSE
	EndGlobalSection
	GlobalSection(ExtensibilityGlobals) = postSolution
		SolutionGuid = {941DE237-F289-4984-9625-63B3FFE87F61}
	EndGlobalSection
EndGlobal
